
Microsoft Visual Studio Solution File, Format Version 12.00
# Visual Studio Version 17
VisualStudioVersion = 17.3.32929.385
MinimumVisualStudioVersion = 10.0.40219.1
Project("{FAE04EC0-301F-11D3-BF4B-00C04F79EFBC}") = "MVC_DSE", "MVC_DSE\MVC_DSE.csproj", "{0A910D30-6788-445F-A232-EAC0620EE69F}"
EndProject
Global
	GlobalSection(SolutionConfigurationPlatforms) = preSolution
		Debug|Any CPU = Debug|Any CPU
		Release|Any CPU = Release|Any CPU
	EndGlobalSection
	GlobalSection(ProjectConfigurationPlatforms) = postSolution
		{0A910D30-6788-445F-A232-EAC0620EE69F}.Debug|Any CPU.ActiveCfg = Debug|Any CPU
		{0A910D30-6788-445F-A232-EAC0620EE69F}.Debug|Any CPU.Build.0 = Debug|Any CPU
		{0A910D30-6788-445F-A232-EAC0620EE69F}.Release|Any CPU.ActiveCfg = Release|Any CPU
		{0A910D30-6788-445F-A232-EAC0620EE69F}.Release|Any CPU.Build.0 = Release|Any CPU
	EndGlobalSection
	GlobalSection(SolutionProperties) = preSolution
		HideSolutionNode = FALSE
	EndGlobalSection
	GlobalSection(ExtensibilityGlobals) = postSolution
		SolutionGuid = {0ECDC079-9EB0-431D-A3A5-6D089CF4FE95}
	EndGlobalSection
EndGlobal
